
Microsoft Visual Studio Solution File, Format Version 12.00
# Visual Studio Version 17
VisualStudioVersion = 17.0.31903.59
MinimumVisualStudioVersion = 10.0.40219.1
Project("{FAE04EC0-301F-11D3-BF4B-00C04F79EFBC}") = "WebApi", "WebApi\WebApi.csproj", "{E6A24276-EEEF-4324-AC11-086385ADF729}"
EndProject
Project("{FAE04EC0-301F-11D3-BF4B-00C04F79EFBC}") = "Tests", "Tests\Tests.csproj", "{DE33A10E-B93C-4108-BA48-58ADB6070F37}"
EndProject
Project("{FAE04EC0-301F-11D3-BF4B-00C04F79EFBC}") = "Domain", "Domain\Domain.csproj", "{7585A78C-5BDE-4800-AF2A-26C363AB2FE4}"
EndProject
Global
	GlobalSection(SolutionConfigurationPlatforms) = preSolution
		Debug|Any CPU = Debug|Any CPU
		Release|Any CPU = Release|Any CPU
	EndGlobalSection
	GlobalSection(SolutionProperties) = preSolution
		HideSolutionNode = FALSE
	EndGlobalSection
	GlobalSection(ProjectConfigurationPlatforms) = postSolution
		{E6A24276-EEEF-4324-AC11-086385ADF729}.Debug|Any CPU.ActiveCfg = Debug|Any CPU
		{E6A24276-EEEF-4324-AC11-086385ADF729}.Debug|Any CPU.Build.0 = Debug|Any CPU
		{E6A24276-EEEF-4324-AC11-086385ADF729}.Release|Any CPU.ActiveCfg = Release|Any CPU
		{E6A24276-EEEF-4324-AC11-086385ADF729}.Release|Any CPU.Build.0 = Release|Any CPU
		{DE33A10E-B93C-4108-BA48-58ADB6070F37}.Debug|Any CPU.ActiveCfg = Debug|Any CPU
		{DE33A10E-B93C-4108-BA48-58ADB6070F37}.Debug|Any CPU.Build.0 = Debug|Any CPU
		{DE33A10E-B93C-4108-BA48-58ADB6070F37}.Release|Any CPU.ActiveCfg = Release|Any CPU
		{DE33A10E-B93C-4108-BA48-58ADB6070F37}.Release|Any CPU.Build.0 = Release|Any CPU
		{7585A78C-5BDE-4800-AF2A-26C363AB2FE4}.Debug|Any CPU.ActiveCfg = Debug|Any CPU
		{7585A78C-5BDE-4800-AF2A-26C363AB2FE4}.Debug|Any CPU.Build.0 = Debug|Any CPU
		{7585A78C-5BDE-4800-AF2A-26C363AB2FE4}.Release|Any CPU.ActiveCfg = Release|Any CPU
		{7585A78C-5BDE-4800-AF2A-26C363AB2FE4}.Release|Any CPU.Build.0 = Release|Any CPU
	EndGlobalSection
EndGlobal
